// !$*UTF8*$!
{
	archiveVersion = 1;
	classes = {
	};
	objectVersion = 52;
	objects = {

/* Begin PBXBuildFile section */
		9017C688262D2D5900F2DCFA /* AppDelegate.swift in Sources */ = {isa = PBXBuildFile; fileRef = 9017C687262D2D5900F2DCFA /* AppDelegate.swift */; };
		9017C68A262D2D5900F2DCFA /* SceneDelegate.swift in Sources */ = {isa = PBXBuildFile; fileRef = 9017C689262D2D5900F2DCFA /* SceneDelegate.swift */; };
		9017C68C262D2D5900F2DCFA /* ContentView.swift in Sources */ = {isa = PBXBuildFile; fileRef = 9017C68B262D2D5900F2DCFA /* ContentView.swift */; };
		9017C68F262D2D5900F2DCFA /* FoodAPI.xcdatamodeld in Sources */ = {isa = PBXBuildFile; fileRef = 9017C68D262D2D5900F2DCFA /* FoodAPI.xcdatamodeld */; };
		9017C691262D2D5A00F2DCFA /* Assets.xcassets in Resources */ = {isa = PBXBuildFile; fileRef = 9017C690262D2D5A00F2DCFA /* Assets.xcassets */; };
		9017C694262D2D5A00F2DCFA /* Preview Assets.xcassets in Resources */ = {isa = PBXBuildFile; fileRef = 9017C693262D2D5A00F2DCFA /* Preview Assets.xcassets */; };
		9017C697262D2D5A00F2DCFA /* LaunchScreen.storyboard in Resources */ = {isa = PBXBuildFile; fileRef = 9017C695262D2D5A00F2DCFA /* LaunchScreen.storyboard */; };
		9017C6A1262D2D6C00F2DCFA /* Food.swift in Sources */ = {isa = PBXBuildFile; fileRef = 9017C6A0262D2D6C00F2DCFA /* Food.swift */; };
		9017C6A7262D2DC600F2DCFA /* FoodList.swift in Sources */ = {isa = PBXBuildFile; fileRef = 9017C6A6262D2DC600F2DCFA /* FoodList.swift */; };
		9017C6AB262D2DD300F2DCFA /* FoodDetail.swift in Sources */ = {isa = PBXBuildFile; fileRef = 9017C6AA262D2DD300F2DCFA /* FoodDetail.swift */; };
		9017C6AE262D2DDE00F2DCFA /* Profile.swift in Sources */ = {isa = PBXBuildFile; fileRef = 9017C6AD262D2DDE00F2DCFA /* Profile.swift */; };
		9017C6B1262D2DEB00F2DCFA /* FoodViewModel.swift in Sources */ = {isa = PBXBuildFile; fileRef = 9017C6B0262D2DEB00F2DCFA /* FoodViewModel.swift */; };
		9017C6B6262D2EF300F2DCFA /* SwiftyJSON in Frameworks */ = {isa = PBXBuildFile; productRef = 9017C6B5262D2EF300F2DCFA /* SwiftyJSON */; };
		9017C6BA262D2F7900F2DCFA /* SDWebImageSwiftUI in Frameworks */ = {isa = PBXBuildFile; productRef = 9017C6B9262D2F7900F2DCFA /* SDWebImageSwiftUI */; };
		90566FE326326A9C00295C8D /* SearchList.swift in Sources */ = {isa = PBXBuildFile; fileRef = 90566FE226326A9C00295C8D /* SearchList.swift */; };
		90566FE726326AAE00295C8D /* SearchViewModel.swift in Sources */ = {isa = PBXBuildFile; fileRef = 90566FE626326AAE00295C8D /* SearchViewModel.swift */; };
		907608F1262E78F700F413F6 /* FavoriteFoodDetail.swift in Sources */ = {isa = PBXBuildFile; fileRef = 907608F0262E78F700F413F6 /* FavoriteFoodDetail.swift */; };
		907608F5262E791700F413F6 /* FavoriteFoodList.swift in Sources */ = {isa = PBXBuildFile; fileRef = 907608F4262E791700F413F6 /* FavoriteFoodList.swift */; };
		907608FB262E7B0300F413F6 /* FavoriteFood+CoreDataClass.swift in Sources */ = {isa = PBXBuildFile; fileRef = 907608F9262E7B0300F413F6 /* FavoriteFood+CoreDataClass.swift */; };
		907608FC262E7B0300F413F6 /* FavoriteFood+CoreDataProperties.swift in Sources */ = {isa = PBXBuildFile; fileRef = 907608FA262E7B0300F413F6 /* FavoriteFood+CoreDataProperties.swift */; };
/* End PBXBuildFile section */

/* Begin PBXFileReference section */
		9017C684262D2D5900F2DCFA /* FoodAPI.app */ = {isa = PBXFileReference; explicitFileType = wrapper.application; includeInIndex = 0; path = FoodAPI.app; sourceTree = BUILT_PRODUCTS_DIR; };
		9017C687262D2D5900F2DCFA /* AppDelegate.swift */ = {isa = PBXFileReference; lastKnownFileType = sourcecode.swift; path = AppDelegate.swift; sourceTree = "<group>"; };
		9017C689262D2D5900F2DCFA /* SceneDelegate.swift */ = {isa = PBXFileReference; lastKnownFileType = sourcecode.swift; path = SceneDelegate.swift; sourceTree = "<group>"; };
		9017C68B262D2D5900F2DCFA /* ContentView.swift */ = {isa = PBXFileReference; lastKnownFileType = sourcecode.swift; path = ContentView.swift; sourceTree = "<group>"; };
		9017C68E262D2D5900F2DCFA /* FoodAPI.xcdatamodel */ = {isa = PBXFileReference; lastKnownFileType = wrapper.xcdatamodel; path = FoodAPI.xcdatamodel; sourceTree = "<group>"; };
		9017C690262D2D5A00F2DCFA /* Assets.xcassets */ = {isa = PBXFileReference; lastKnownFileType = folder.assetcatalog; path = Assets.xcassets; sourceTree = "<group>"; };
		9017C693262D2D5A00F2DCFA /* Preview Assets.xcassets */ = {isa = PBXFileReference; lastKnownFileType = folder.assetcatalog; path = "Preview Assets.xcassets"; sourceTree = "<group>"; };
		9017C696262D2D5A00F2DCFA /* Base */ = {isa = PBXFileReference; lastKnownFileType = file.storyboard; name = Base; path = Base.lproj/LaunchScreen.storyboard; sourceTree = "<group>"; };
		9017C698262D2D5A00F2DCFA /* Info.plist */ = {isa = PBXFileReference; lastKnownFileType = text.plist.xml; path = Info.plist; sourceTree = "<group>"; };
		9017C6A0262D2D6C00F2DCFA /* Food.swift */ = {isa = PBXFileReference; lastKnownFileType = sourcecode.swift; path = Food.swift; sourceTree = "<group>"; };
		9017C6A6262D2DC600F2DCFA /* FoodList.swift */ = {isa = PBXFileReference; lastKnownFileType = sourcecode.swift; path = FoodList.swift; sourceTree = "<group>"; };
		9017C6AA262D2DD300F2DCFA /* FoodDetail.swift */ = {isa = PBXFileReference; lastKnownFileType = sourcecode.swift; path = FoodDetail.swift; sourceTree = "<group>"; };
		9017C6AD262D2DDE00F2DCFA /* Profile.swift */ = {isa = PBXFileReference; lastKnownFileType = sourcecode.swift; path = Profile.swift; sourceTree = "<group>"; };
		9017C6B0262D2DEB00F2DCFA /* FoodViewModel.swift */ = {isa = PBXFileReference; lastKnownFileType = sourcecode.swift; name = FoodViewModel.swift; path = FoodAPI/View/FoodViewModel.swift; sourceTree = SOURCE_ROOT; };
		90566FE226326A9C00295C8D /* SearchList.swift */ = {isa = PBXFileReference; lastKnownFileType = sourcecode.swift; path = SearchList.swift; sourceTree = "<group>"; };
		90566FE626326AAE00295C8D /* SearchViewModel.swift */ = {isa = PBXFileReference; lastKnownFileType = sourcecode.swift; name = SearchViewModel.swift; path = FoodAPI/View/Search/SearchViewModel.swift; sourceTree = SOURCE_ROOT; };
		907608F0262E78F700F413F6 /* FavoriteFoodDetail.swift */ = {isa = PBXFileReference; lastKnownFileType = sourcecode.swift; path = FavoriteFoodDetail.swift; sourceTree = "<group>"; };
		907608F4262E791700F413F6 /* FavoriteFoodList.swift */ = {isa = PBXFileReference; lastKnownFileType = sourcecode.swift; path = FavoriteFoodList.swift; sourceTree = "<group>"; };
		907608F9262E7B0300F413F6 /* FavoriteFood+CoreDataClass.swift */ = {isa = PBXFileReference; lastKnownFileType = sourcecode.swift; path = "FavoriteFood+CoreDataClass.swift"; sourceTree = "<group>"; };
		907608FA262E7B0300F413F6 /* FavoriteFood+CoreDataProperties.swift */ = {isa = PBXFileReference; lastKnownFileType = sourcecode.swift; path = "FavoriteFood+CoreDataProperties.swift"; sourceTree = "<group>"; };
/* End PBXFileReference section */

/* Begin PBXFrameworksBuildPhase section */
		9017C681262D2D5900F2DCFA /* Frameworks */ = {
			isa = PBXFrameworksBuildPhase;
			buildActionMask = 2147483647;
			files = (
				9017C6BA262D2F7900F2DCFA /* SDWebImageSwiftUI in Frameworks */,
				9017C6B6262D2EF300F2DCFA /* SwiftyJSON in Frameworks */,
			);
			runOnlyForDeploymentPostprocessing = 0;
		};
/* End PBXFrameworksBuildPhase section */

/* Begin PBXGroup section */
		9017C67B262D2D5900F2DCFA = {
			isa = PBXGroup;
			children = (
				9017C686262D2D5900F2DCFA /* FoodAPI */,
				9017C685262D2D5900F2DCFA /* Products */,
			);
			sourceTree = "<group>";
		};
		9017C685262D2D5900F2DCFA /* Products */ = {
			isa = PBXGroup;
			children = (
				9017C684262D2D5900F2DCFA /* FoodAPI.app */,
			);
			name = Products;
			sourceTree = "<group>";
		};
		9017C686262D2D5900F2DCFA /* FoodAPI */ = {
			isa = PBXGroup;
			children = (
				9017C69F262D2D6200F2DCFA /* Model */,
				907608F8262E792900F413F6 /* CoreData */,
				9017C6A3262D2D9100F2DCFA /* Base */,
				9017C6A5262D2D9B00F2DCFA /* ViewModel */,
				9017C6A4262D2D9500F2DCFA /* View */,
				9017C690262D2D5A00F2DCFA /* Assets.xcassets */,
				9017C695262D2D5A00F2DCFA /* LaunchScreen.storyboard */,
				9017C698262D2D5A00F2DCFA /* Info.plist */,
				9017C692262D2D5A00F2DCFA /* Preview Content */,
			);
			path = FoodAPI;
			sourceTree = "<group>";
		};
		9017C692262D2D5A00F2DCFA /* Preview Content */ = {
			isa = PBXGroup;
			children = (
				9017C693262D2D5A00F2DCFA /* Preview Assets.xcassets */,
			);
			path = "Preview Content";
			sourceTree = "<group>";
		};
		9017C69F262D2D6200F2DCFA /* Model */ = {
			isa = PBXGroup;
			children = (
				9017C6A0262D2D6C00F2DCFA /* Food.swift */,
			);
			path = Model;
			sourceTree = "<group>";
		};
		9017C6A3262D2D9100F2DCFA /* Base */ = {
			isa = PBXGroup;
			children = (
				9017C687262D2D5900F2DCFA /* AppDelegate.swift */,
				9017C689262D2D5900F2DCFA /* SceneDelegate.swift */,
			);
			path = Base;
			sourceTree = "<group>";
		};
		9017C6A4262D2D9500F2DCFA /* View */ = {
			isa = PBXGroup;
			children = (
				90566FE126326A8200295C8D /* Search */,
				9017C68B262D2D5900F2DCFA /* ContentView.swift */,
				907608EC262E789F00F413F6 /* Favorite */,
				907608EB262E789700F413F6 /* Profile */,
				907608EA262E788B00F413F6 /* Home */,
			);
			path = View;
			sourceTree = "<group>";
		};
		9017C6A5262D2D9B00F2DCFA /* ViewModel */ = {
			isa = PBXGroup;
			children = (
				9017C6B0262D2DEB00F2DCFA /* FoodViewModel.swift */,
				90566FE626326AAE00295C8D /* SearchViewModel.swift */,
			);
			path = ViewModel;
			sourceTree = "<group>";
		};
		90566FE126326A8200295C8D /* Search */ = {
			isa = PBXGroup;
			children = (
				90566FE226326A9C00295C8D /* SearchList.swift */,
			);
			path = Search;
			sourceTree = "<group>";
		};
		907608EA262E788B00F413F6 /* Home */ = {
			isa = PBXGroup;
			children = (
				9017C6A6262D2DC600F2DCFA /* FoodList.swift */,
				9017C6AA262D2DD300F2DCFA /* FoodDetail.swift */,
			);
			path = Home;
			sourceTree = "<group>";
		};
		907608EB262E789700F413F6 /* Profile */ = {
			isa = PBXGroup;
			children = (
				9017C6AD262D2DDE00F2DCFA /* Profile.swift */,
			);
			path = Profile;
			sourceTree = "<group>";
		};
		907608EC262E789F00F413F6 /* Favorite */ = {
			isa = PBXGroup;
			children = (
				907608F4262E791700F413F6 /* FavoriteFoodList.swift */,
				907608F0262E78F700F413F6 /* FavoriteFoodDetail.swift */,
			);
			path = Favorite;
			sourceTree = "<group>";
		};
		907608F8262E792900F413F6 /* CoreData */ = {
			isa = PBXGroup;
			children = (
				907608F9262E7B0300F413F6 /* FavoriteFood+CoreDataClass.swift */,
				907608FA262E7B0300F413F6 /* FavoriteFood+CoreDataProperties.swift */,
				9017C68D262D2D5900F2DCFA /* FoodAPI.xcdatamodeld */,
			);
			path = CoreData;
			sourceTree = "<group>";
		};
/* End PBXGroup section */

/* Begin PBXNativeTarget section */
		9017C683262D2D5900F2DCFA /* FoodAPI */ = {
			isa = PBXNativeTarget;
			buildConfigurationList = 9017C69B262D2D5A00F2DCFA /* Build configuration list for PBXNativeTarget "FoodAPI" */;
			buildPhases = (
				9017C680262D2D5900F2DCFA /* Sources */,
				9017C681262D2D5900F2DCFA /* Frameworks */,
				9017C682262D2D5900F2DCFA /* Resources */,
			);
			buildRules = (
			);
			dependencies = (
			);
			name = FoodAPI;
			packageProductDependencies = (
				9017C6B5262D2EF300F2DCFA /* SwiftyJSON */,
				9017C6B9262D2F7900F2DCFA /* SDWebImageSwiftUI */,
			);
			productName = FoodAPI;
			productReference = 9017C684262D2D5900F2DCFA /* FoodAPI.app */;
			productType = "com.apple.product-type.application";
		};
/* End PBXNativeTarget section */

/* Begin PBXProject section */
		9017C67C262D2D5900F2DCFA /* Project object */ = {
			isa = PBXProject;
			attributes = {
				LastSwiftUpdateCheck = 1240;
				LastUpgradeCheck = 1240;
				TargetAttributes = {
					9017C683262D2D5900F2DCFA = {
						CreatedOnToolsVersion = 12.4;
					};
				};
			};
			buildConfigurationList = 9017C67F262D2D5900F2DCFA /* Build configuration list for PBXProject "FoodAPI" */;
			compatibilityVersion = "Xcode 9.3";
			developmentRegion = en;
			hasScannedForEncodings = 0;
			knownRegions = (
				en,
				Base,
			);
			mainGroup = 9017C67B262D2D5900F2DCFA;
			packageReferences = (
				9017C6B4262D2EF300F2DCFA /* XCRemoteSwiftPackageReference "SwiftyJSON" */,
				9017C6B8262D2F7900F2DCFA /* XCRemoteSwiftPackageReference "SDWebImageSwiftUI" */,
			);
			productRefGroup = 9017C685262D2D5900F2DCFA /* Products */;
			projectDirPath = "";
			projectRoot = "";
			targets = (
				9017C683262D2D5900F2DCFA /* FoodAPI */,
			);
		};
/* End PBXProject section */

/* Begin PBXResourcesBuildPhase section */
		9017C682262D2D5900F2DCFA /* Resources */ = {
			isa = PBXResourcesBuildPhase;
			buildActionMask = 2147483647;
			files = (
				9017C697262D2D5A00F2DCFA /* LaunchScreen.storyboard in Resources */,
				9017C694262D2D5A00F2DCFA /* Preview Assets.xcassets in Resources */,
				9017C691262D2D5A00F2DCFA /* Assets.xcassets in Resources */,
			);
			runOnlyForDeploymentPostprocessing = 0;
		};
/* End PBXResourcesBuildPhase section */

/* Begin PBXSourcesBuildPhase section */
		9017C680262D2D5900F2DCFA /* Sources */ = {
			isa = PBXSourcesBuildPhase;
			buildActionMask = 2147483647;
			files = (
				907608F1262E78F700F413F6 /* FavoriteFoodDetail.swift in Sources */,
				9017C688262D2D5900F2DCFA /* AppDelegate.swift in Sources */,
				9017C6AE262D2DDE00F2DCFA /* Profile.swift in Sources */,
				9017C68A262D2D5900F2DCFA /* SceneDelegate.swift in Sources */,
				9017C6AB262D2DD300F2DCFA /* FoodDetail.swift in Sources */,
				907608F5262E791700F413F6 /* FavoriteFoodList.swift in Sources */,
				90566FE726326AAE00295C8D /* SearchViewModel.swift in Sources */,
				907608FB262E7B0300F413F6 /* FavoriteFood+CoreDataClass.swift in Sources */,
				9017C6A1262D2D6C00F2DCFA /* Food.swift in Sources */,
				9017C6B1262D2DEB00F2DCFA /* FoodViewModel.swift in Sources */,
				9017C6A7262D2DC600F2DCFA /* FoodList.swift in Sources */,
				907608FC262E7B0300F413F6 /* FavoriteFood+CoreDataProperties.swift in Sources */,
				9017C68F262D2D5900F2DCFA /* FoodAPI.xcdatamodeld in Sources */,
				9017C68C262D2D5900F2DCFA /* ContentView.swift in Sources */,
				90566FE326326A9C00295C8D /* SearchList.swift in Sources */,
			);
			runOnlyForDeploymentPostprocessing = 0;
		};
/* End PBXSourcesBuildPhase section */

/* Begin PBXVariantGroup section */
		9017C695262D2D5A00F2DCFA /* LaunchScreen.storyboard */ = {
			isa = PBXVariantGroup;
			children = (
				9017C696262D2D5A00F2DCFA /* Base */,
			);
			name = LaunchScreen.storyboard;
			sourceTree = "<group>";
		};
/* End PBXVariantGroup section */

/* Begin XCBuildConfiguration section */
		9017C699262D2D5A00F2DCFA /* Debug */ = {
			isa = XCBuildConfiguration;
			buildSettings = {
				ALWAYS_SEARCH_USER_PATHS = NO;
				CLANG_ANALYZER_NONNULL = YES;
				CLANG_ANALYZER_NUMBER_OBJECT_CONVERSION = YES_AGGRESSIVE;
				CLANG_CXX_LANGUAGE_STANDARD = "gnu++14";
				CLANG_CXX_LIBRARY = "libc++";
				CLANG_ENABLE_MODULES = YES;
				CLANG_ENABLE_OBJC_ARC = YES;
				CLANG_ENABLE_OBJC_WEAK = YES;
				CLANG_WARN_BLOCK_CAPTURE_AUTORELEASING = YES;
				CLANG_WARN_BOOL_CONVERSION = YES;
				CLANG_WARN_COMMA = YES;
				CLANG_WARN_CONSTANT_CONVERSION = YES;
				CLANG_WARN_DEPRECATED_OBJC_IMPLEMENTATIONS = YES;
				CLANG_WARN_DIRECT_OBJC_ISA_USAGE = YES_ERROR;
				CLANG_WARN_DOCUMENTATION_COMMENTS = YES;
				CLANG_WARN_EMPTY_BODY = YES;
				CLANG_WARN_ENUM_CONVERSION = YES;
				CLANG_WARN_INFINITE_RECURSION = YES;
				CLANG_WARN_INT_CONVERSION = YES;
				CLANG_WARN_NON_LITERAL_NULL_CONVERSION = YES;
				CLANG_WARN_OBJC_IMPLICIT_RETAIN_SELF = YES;
				CLANG_WARN_OBJC_LITERAL_CONVERSION = YES;
				CLANG_WARN_OBJC_ROOT_CLASS = YES_ERROR;
				CLANG_WARN_QUOTED_INCLUDE_IN_FRAMEWORK_HEADER = YES;
				CLANG_WARN_RANGE_LOOP_ANALYSIS = YES;
				CLANG_WARN_STRICT_PROTOTYPES = YES;
				CLANG_WARN_SUSPICIOUS_MOVE = YES;
				CLANG_WARN_UNGUARDED_AVAILABILITY = YES_AGGRESSIVE;
				CLANG_WARN_UNREACHABLE_CODE = YES;
				CLANG_WARN__DUPLICATE_METHOD_MATCH = YES;
				COPY_PHASE_STRIP = NO;
				DEBUG_INFORMATION_FORMAT = dwarf;
				ENABLE_STRICT_OBJC_MSGSEND = YES;
				ENABLE_TESTABILITY = YES;
				GCC_C_LANGUAGE_STANDARD = gnu11;
				GCC_DYNAMIC_NO_PIC = NO;
				GCC_NO_COMMON_BLOCKS = YES;
				GCC_OPTIMIZATION_LEVEL = 0;
				GCC_PREPROCESSOR_DEFINITIONS = (
					"DEBUG=1",
					"$(inherited)",
				);
				GCC_WARN_64_TO_32_BIT_CONVERSION = YES;
				GCC_WARN_ABOUT_RETURN_TYPE = YES_ERROR;
				GCC_WARN_UNDECLARED_SELECTOR = YES;
				GCC_WARN_UNINITIALIZED_AUTOS = YES_AGGRESSIVE;
				GCC_WARN_UNUSED_FUNCTION = YES;
				GCC_WARN_UNUSED_VARIABLE = YES;
				IPHONEOS_DEPLOYMENT_TARGET = 14.4;
				MTL_ENABLE_DEBUG_INFO = INCLUDE_SOURCE;
				MTL_FAST_MATH = YES;
				ONLY_ACTIVE_ARCH = YES;
				SDKROOT = iphoneos;
				SWIFT_ACTIVE_COMPILATION_CONDITIONS = DEBUG;
				SWIFT_OPTIMIZATION_LEVEL = "-Onone";
			};
			name = Debug;
		};
		9017C69A262D2D5A00F2DCFA /* Release */ = {
			isa = XCBuildConfiguration;
			buildSettings = {
				ALWAYS_SEARCH_USER_PATHS = NO;
				CLANG_ANALYZER_NONNULL = YES;
				CLANG_ANALYZER_NUMBER_OBJECT_CONVERSION = YES_AGGRESSIVE;
				CLANG_CXX_LANGUAGE_STANDARD = "gnu++14";
				CLANG_CXX_LIBRARY = "libc++";
				CLANG_ENABLE_MODULES = YES;
				CLANG_ENABLE_OBJC_ARC = YES;
				CLANG_ENABLE_OBJC_WEAK = YES;
				CLANG_WARN_BLOCK_CAPTURE_AUTORELEASING = YES;
				CLANG_WARN_BOOL_CONVERSION = YES;
				CLANG_WARN_COMMA = YES;
				CLANG_WARN_CONSTANT_CONVERSION = YES;
				CLANG_WARN_DEPRECATED_OBJC_IMPLEMENTATIONS = YES;
				CLANG_WARN_DIRECT_OBJC_ISA_USAGE = YES_ERROR;
				CLANG_WARN_DOCUMENTATION_COMMENTS = YES;
				CLANG_WARN_EMPTY_BODY = YES;
				CLANG_WARN_ENUM_CONVERSION = YES;
				CLANG_WARN_INFINITE_RECURSION = YES;
				CLANG_WARN_INT_CONVERSION = YES;
				CLANG_WARN_NON_LITERAL_NULL_CONVERSION = YES;
				CLANG_WARN_OBJC_IMPLICIT_RETAIN_SELF = YES;
				CLANG_WARN_OBJC_LITERAL_CONVERSION = YES;
				CLANG_WARN_OBJC_ROOT_CLASS = YES_ERROR;
				CLANG_WARN_QUOTED_INCLUDE_IN_FRAMEWORK_HEADER = YES;
				CLANG_WARN_RANGE_LOOP_ANALYSIS = YES;
				CLANG_WARN_STRICT_PROTOTYPES = YES;
				CLANG_WARN_SUSPICIOUS_MOVE = YES;
				CLANG_WARN_UNGUARDED_AVAILABILITY = YES_AGGRESSIVE;
				CLANG_WARN_UNREACHABLE_CODE = YES;
				CLANG_WARN__DUPLICATE_METHOD_MATCH = YES;
				COPY_PHASE_STRIP = NO;
				DEBUG_INFORMATION_FORMAT = "dwarf-with-dsym";
				ENABLE_NS_ASSERTIONS = NO;
				ENABLE_STRICT_OBJC_MSGSEND = YES;
				GCC_C_LANGUAGE_STANDARD = gnu11;
				GCC_NO_COMMON_BLOCKS = YES;
				GCC_WARN_64_TO_32_BIT_CONVERSION = YES;
				GCC_WARN_ABOUT_RETURN_TYPE = YES_ERROR;
				GCC_WARN_UNDECLARED_SELECTOR = YES;
				GCC_WARN_UNINITIALIZED_AUTOS = YES_AGGRESSIVE;
				GCC_WARN_UNUSED_FUNCTION = YES;
				GCC_WARN_UNUSED_VARIABLE = YES;
				IPHONEOS_DEPLOYMENT_TARGET = 14.4;
				MTL_ENABLE_DEBUG_INFO = NO;
				MTL_FAST_MATH = YES;
				SDKROOT = iphoneos;
				SWIFT_COMPILATION_MODE = wholemodule;
				SWIFT_OPTIMIZATION_LEVEL = "-O";
				VALIDATE_PRODUCT = YES;
			};
			name = Release;
		};
		9017C69C262D2D5A00F2DCFA /* Debug */ = {
			isa = XCBuildConfiguration;
			buildSettings = {
				ASSETCATALOG_COMPILER_APPICON_NAME = AppIcon;
				ASSETCATALOG_COMPILER_GLOBAL_ACCENT_COLOR_NAME = AccentColor;
				CODE_SIGN_STYLE = Automatic;
				DEVELOPMENT_ASSET_PATHS = "\"FoodAPI/Preview Content\"";
				DEVELOPMENT_TEAM = 277AX7YZ94;
				ENABLE_PREVIEWS = YES;
				INFOPLIST_FILE = FoodAPI/Info.plist;
				LD_RUNPATH_SEARCH_PATHS = (
					"$(inherited)",
					"@executable_path/Frameworks",
				);
				PRODUCT_BUNDLE_IDENTIFIER = com.dimas.FoodAPI;
				PRODUCT_NAME = "$(TARGET_NAME)";
				SWIFT_VERSION = 5.0;
				TARGETED_DEVICE_FAMILY = "1,2";
			};
			name = Debug;
		};
		9017C69D262D2D5A00F2DCFA /* Release */ = {
			isa = XCBuildConfiguration;
			buildSettings = {
				ASSETCATALOG_COMPILER_APPICON_NAME = AppIcon;
				ASSETCATALOG_COMPILER_GLOBAL_ACCENT_COLOR_NAME = AccentColor;
				CODE_SIGN_STYLE = Automatic;
				DEVELOPMENT_ASSET_PATHS = "\"FoodAPI/Preview Content\"";
				DEVELOPMENT_TEAM = 277AX7YZ94;
				ENABLE_PREVIEWS = YES;
				INFOPLIST_FILE = FoodAPI/Info.plist;
				LD_RUNPATH_SEARCH_PATHS = (
					"$(inherited)",
					"@executable_path/Frameworks",
				);
				PRODUCT_BUNDLE_IDENTIFIER = com.dimas.FoodAPI;
				PRODUCT_NAME = "$(TARGET_NAME)";
				SWIFT_VERSION = 5.0;
				TARGETED_DEVICE_FAMILY = "1,2";
			};
			name = Release;
		};
/* End XCBuildConfiguration section */

/* Begin XCConfigurationList section */
		9017C67F262D2D5900F2DCFA /* Build configuration list for PBXProject "FoodAPI" */ = {
			isa = XCConfigurationList;
			buildConfigurations = (
				9017C699262D2D5A00F2DCFA /* Debug */,
				9017C69A262D2D5A00F2DCFA /* Release */,
			);
			defaultConfigurationIsVisible = 0;
			defaultConfigurationName = Release;
		};
		9017C69B262D2D5A00F2DCFA /* Build configuration list for PBXNativeTarget "FoodAPI" */ = {
			isa = XCConfigurationList;
			buildConfigurations = (
				9017C69C262D2D5A00F2DCFA /* Debug */,
				9017C69D262D2D5A00F2DCFA /* Release */,
			);
			defaultConfigurationIsVisible = 0;
			defaultConfigurationName = Release;
		};
/* End XCConfigurationList section */

/* Begin XCRemoteSwiftPackageReference section */
		9017C6B4262D2EF300F2DCFA /* XCRemoteSwiftPackageReference "SwiftyJSON" */ = {
			isa = XCRemoteSwiftPackageReference;
			repositoryURL = "https://github.com/SwiftyJSON/SwiftyJSON.git";
			requirement = {
				kind = upToNextMajorVersion;
				minimumVersion = 5.0.1;
			};
		};
		9017C6B8262D2F7900F2DCFA /* XCRemoteSwiftPackageReference "SDWebImageSwiftUI" */ = {
			isa = XCRemoteSwiftPackageReference;
			repositoryURL = "https://github.com/SDWebImage/SDWebImageSwiftUI.git";
			requirement = {
				kind = upToNextMajorVersion;
				minimumVersion = 2.0.2;
			};
		};
/* End XCRemoteSwiftPackageReference section */

/* Begin XCSwiftPackageProductDependency section */
		9017C6B5262D2EF300F2DCFA /* SwiftyJSON */ = {
			isa = XCSwiftPackageProductDependency;
			package = 9017C6B4262D2EF300F2DCFA /* XCRemoteSwiftPackageReference "SwiftyJSON" */;
			productName = SwiftyJSON;
		};
		9017C6B9262D2F7900F2DCFA /* SDWebImageSwiftUI */ = {
			isa = XCSwiftPackageProductDependency;
			package = 9017C6B8262D2F7900F2DCFA /* XCRemoteSwiftPackageReference "SDWebImageSwiftUI" */;
			productName = SDWebImageSwiftUI;
		};
/* End XCSwiftPackageProductDependency section */

/* Begin XCVersionGroup section */
		9017C68D262D2D5900F2DCFA /* FoodAPI.xcdatamodeld */ = {
			isa = XCVersionGroup;
			children = (
				9017C68E262D2D5900F2DCFA /* FoodAPI.xcdatamodel */,
			);
			currentVersion = 9017C68E262D2D5900F2DCFA /* FoodAPI.xcdatamodel */;
			path = FoodAPI.xcdatamodeld;
			sourceTree = "<group>";
			versionGroupType = wrapper.xcdatamodel;
		};
/* End XCVersionGroup section */
	};
	rootObject = 9017C67C262D2D5900F2DCFA /* Project object */;
}
